
Microsoft Visual Studio Solution File, Format Version 12.00
# Visual Studio Version 16
VisualStudioVersion = 16.0.31727.386
MinimumVisualStudioVersion = 10.0.40219.1
Project("{FAE04EC0-301F-11D3-BF4B-00C04F79EFBC}") = "TimeTable", "TimeTable\TimeTable.csproj", "{F01588F8-E488-4863-AC8B-59B2705CF8E1}"
EndProject
Global
	GlobalSection(SolutionConfigurationPlatforms) = preSolution
		Debug|Any CPU = Debug|Any CPU
		Release|Any CPU = Release|Any CPU
	EndGlobalSection
	GlobalSection(ProjectConfigurationPlatforms) = postSolution
		{F01588F8-E488-4863-AC8B-59B2705CF8E1}.Debug|Any CPU.ActiveCfg = Debug|Any CPU
		{F01588F8-E488-4863-AC8B-59B2705CF8E1}.Debug|Any CPU.Build.0 = Debug|Any CPU
		{F01588F8-E488-4863-AC8B-59B2705CF8E1}.Release|Any CPU.ActiveCfg = Release|Any CPU
		{F01588F8-E488-4863-AC8B-59B2705CF8E1}.Release|Any CPU.Build.0 = Release|Any CPU
	EndGlobalSection
	GlobalSection(SolutionProperties) = preSolution
		HideSolutionNode = FALSE
	EndGlobalSection
	GlobalSection(ExtensibilityGlobals) = postSolution
		SolutionGuid = {B01F42CE-8E17-49D3-A8DD-07F72491CB03}
	EndGlobalSection
EndGlobal
